
Microsoft Visual Studio Solution File, Format Version 12.00
# Visual Studio Version 17
VisualStudioVersion = 17.3.32929.385
MinimumVisualStudioVersion = 10.0.40219.1
Project("{9A19103F-16F7-4668-BE54-9A1E7A4F7556}") = "InterviewProject", "InterviewProject\InterviewProject.csproj", "{4D4DD32F-B4B9-4C60-A420-290DB6BBD959}"
EndProject
Project("{FAE04EC0-301F-11D3-BF4B-00C04F79EFBC}") = "TestProject1", "TestProject1\TestProject1.csproj", "{B256418D-EA82-48E4-85EC-43CB0D08F977}"
EndProject
Global
	GlobalSection(SolutionConfigurationPlatforms) = preSolution
		Debug|Any CPU = Debug|Any CPU
		Release|Any CPU = Release|Any CPU
	EndGlobalSection
	GlobalSection(ProjectConfigurationPlatforms) = postSolution
		{4D4DD32F-B4B9-4C60-A420-290DB6BBD959}.Debug|Any CPU.ActiveCfg = Debug|Any CPU
		{4D4DD32F-B4B9-4C60-A420-290DB6BBD959}.Debug|Any CPU.Build.0 = Debug|Any CPU
		{4D4DD32F-B4B9-4C60-A420-290DB6BBD959}.Release|Any CPU.ActiveCfg = Release|Any CPU
		{4D4DD32F-B4B9-4C60-A420-290DB6BBD959}.Release|Any CPU.Build.0 = Release|Any CPU
		{B256418D-EA82-48E4-85EC-43CB0D08F977}.Debug|Any CPU.ActiveCfg = Debug|Any CPU
		{B256418D-EA82-48E4-85EC-43CB0D08F977}.Debug|Any CPU.Build.0 = Debug|Any CPU
		{B256418D-EA82-48E4-85EC-43CB0D08F977}.Release|Any CPU.ActiveCfg = Release|Any CPU
		{B256418D-EA82-48E4-85EC-43CB0D08F977}.Release|Any CPU.Build.0 = Release|Any CPU
	EndGlobalSection
	GlobalSection(SolutionProperties) = preSolution
		HideSolutionNode = FALSE
	EndGlobalSection
	GlobalSection(ExtensibilityGlobals) = postSolution
		SolutionGuid = {8EB7D30F-AF9C-445E-9513-9AE1FC933E03}
	EndGlobalSection
EndGlobal
